# THIS IS AN AUTOGENERATED FILE. DO NOT EDIT THIS FILE DIRECTLY.
# yarn lockfile v1


ansi-256-colors@^1.1.0:
  version "1.1.0"
  resolved "https://registry.yarnpkg.com/ansi-256-colors/-/ansi-256-colors-1.1.0.tgz#910de50efcc7c09e3d82f2f87abd6b700c18818a"

is-finite@^1.0.0:
  version "1.0.2"
  resolved "https://registry.yarnpkg.com/is-finite/-/is-finite-1.0.2.tgz#cc6677695602be550ef11e8b4aa6305342b6d0aa"
  dependencies:
    number-is-nan "^1.0.0"

number-is-nan@^1.0.0:
  version "1.0.1"
  resolved "https://registry.yarnpkg.com/number-is-nan/-/number-is-nan-1.0.1.tgz#097b602b53422a522c1afb8790318336941a011d"

sparkly@^3.1.2:
  version "3.1.2"
  resolved "https://registry.yarnpkg.com/sparkly/-/sparkly-3.1.2.tgz#d42092d519e9f69ca92b29a51d594e1b5c61d17b"
  dependencies:
    ansi-256-colors "^1.1.0"
    is-finite "^1.0.0"
